{
	"name": "stellar-ui-v2",
	"version": "1.36.2",
	"lockfileVersion": 3,
	"requires": true,
	"packages": {
		"": {
			"name": "stellar-ui-v2",
			"version": "1.36.2",
			"license": "MIT",
			"dependencies": {
				"g": "^2.0.1"
			}
		},
		"node_modules/g": {
			"version": "2.0.1",
			"resolved": "http://172.16.109.59:8010/repository/npm-group/g/-/g-2.0.1.tgz",
			"integrity": "sha512-Fi6Ng5fZ/ANLQ15H11hCe+09sgUoNvDEBevVgx3KoYOhsH5iLNPn54hx0jPZ+3oSWr+xajnp2Qau9VmPsc7hTA==",
			"license": "MIT"
		}
	}
}
